{
	"name": "@myeasyfarm/leaflet-geotiff",
	"version": "0.2.12",
	"lockfileVersion": 2,
	"requires": true,
	"packages": {
		"": {
			"name": "@myeasyfarm/leaflet-geotiff",
			"version": "0.2.12",
			"license": "MIT",
			"dependencies": {
				"@myeasyfarm/geotiff": "^1.0.0-beta.6",
				"leaflet": "^1.0.0"
			},
			"optionalDependencies": {
				"plotty": "^0.2.0"
			}
		},
		"node_modules/@myeasyfarm/geotiff": {
			"version": "1.0.0-beta.6",
			"resolved": "https://registry.npmjs.org/@myeasyfarm/geotiff/-/geotiff-1.0.0-beta.6.tgz",
			"integrity": "sha512-e/OOfTpONDsA5nNZ1f/tn3JXo1eKXj07HHzVoRq+x84RsDFXXXwaR4+3vH603t2iLiwwY+XwfgLwf8TZQVL9BQ==",
			"dependencies": {
				"pako": "^1.0.3",
				"xmldom": "0.1.*"
			}
		},
		"node_modules/leaflet": {
			"version": "1.9.3",
			"resolved": "https://registry.npmjs.org/leaflet/-/leaflet-1.9.3.tgz",
			"integrity": "sha512-iB2cR9vAkDOu5l3HAay2obcUHZ7xwUBBjph8+PGtmW/2lYhbLizWtG7nTeYht36WfOslixQF9D/uSIzhZgGMfQ=="
		},
		"node_modules/pako": {
			"version": "1.0.11",
			"resolved": "https://registry.npmjs.org/pako/-/pako-1.0.11.tgz",
			"integrity": "sha512-4hLB8Py4zZce5s4yd9XzopqwVv/yGNhV1Bl8NTmCq1763HeK2+EwVTv+leGeL13Dnh2wfbqowVPXCIO0z4taYw=="
		},
		"node_modules/plotty": {
			"version": "0.2.0",
			"resolved": "https://registry.npmjs.org/plotty/-/plotty-0.2.0.tgz",
			"integrity": "sha512-0mrf9vMeVg9MOKSVzTCAFBRa9LnR3JwnU53ry0a3QtxmADSTHqzG+t/KOjuphfUg8j0FzEYaIFrMOKq2/drmjw==",
			"optional": true,
			"engines": {
				"node": ">=0.8.0"
			}
		},
		"node_modules/xmldom": {
			"version": "0.1.31",
			"resolved": "https://registry.npmjs.org/xmldom/-/xmldom-0.1.31.tgz",
			"integrity": "sha512-yS2uJflVQs6n+CyjHoaBmVSqIDevTAWrzMmjG1Gc7h1qQ7uVozNhEPJAwZXWyGQ/Gafo3fCwrcaokezLPupVyQ==",
			"deprecated": "Deprecated due to CVE-2021-21366 resolved in 0.5.0",
			"engines": {
				"node": ">=0.1"
			}
		}
	},
	"dependencies": {
		"@myeasyfarm/geotiff": {
			"version": "1.0.0-beta.6",
			"resolved": "https://registry.npmjs.org/@myeasyfarm/geotiff/-/geotiff-1.0.0-beta.6.tgz",
			"integrity": "sha512-e/OOfTpONDsA5nNZ1f/tn3JXo1eKXj07HHzVoRq+x84RsDFXXXwaR4+3vH603t2iLiwwY+XwfgLwf8TZQVL9BQ==",
			"requires": {
				"pako": "^1.0.3",
				"xmldom": "0.1.*"
			}
		},
		"leaflet": {
			"version": "1.9.3",
			"resolved": "https://registry.npmjs.org/leaflet/-/leaflet-1.9.3.tgz",
			"integrity": "sha512-iB2cR9vAkDOu5l3HAay2obcUHZ7xwUBBjph8+PGtmW/2lYhbLizWtG7nTeYht36WfOslixQF9D/uSIzhZgGMfQ=="
		},
		"pako": {
			"version": "1.0.11",
			"resolved": "https://registry.npmjs.org/pako/-/pako-1.0.11.tgz",
			"integrity": "sha512-4hLB8Py4zZce5s4yd9XzopqwVv/yGNhV1Bl8NTmCq1763HeK2+EwVTv+leGeL13Dnh2wfbqowVPXCIO0z4taYw=="
		},
		"plotty": {
			"version": "0.2.0",
			"resolved": "https://registry.npmjs.org/plotty/-/plotty-0.2.0.tgz",
			"integrity": "sha512-0mrf9vMeVg9MOKSVzTCAFBRa9LnR3JwnU53ry0a3QtxmADSTHqzG+t/KOjuphfUg8j0FzEYaIFrMOKq2/drmjw==",
			"optional": true
		},
		"xmldom": {
			"version": "0.1.31",
			"resolved": "https://registry.npmjs.org/xmldom/-/xmldom-0.1.31.tgz",
			"integrity": "sha512-yS2uJflVQs6n+CyjHoaBmVSqIDevTAWrzMmjG1Gc7h1qQ7uVozNhEPJAwZXWyGQ/Gafo3fCwrcaokezLPupVyQ=="
		}
	}
}
